
Microsoft Visual Studio Solution File, Format Version 12.00
# Visual Studio Version 17
VisualStudioVersion = 17.8.34330.188
MinimumVisualStudioVersion = 10.0.40219.1
Project("{2150E333-8FDC-42A3-9474-1A3956D46DE8}") = "CatalogApi", "CatalogApi", "{B0602CB4-D9A7-4E43-B235-4158C2B82C28}"
EndProject
Project("{FAE04EC0-301F-11D3-BF4B-00C04F79EFBC}") = "Application", "Catalog.API\Application\Application.csproj", "{BD1C7797-CBE4-48F2-AA98-992D3C9EA272}"
EndProject
Project("{FAE04EC0-301F-11D3-BF4B-00C04F79EFBC}") = "Domain", "Catalog.API\Domain\Domain.csproj", "{7F95D140-3068-43DE-A35B-60FF57BF8AC9}"
EndProject
Project("{FAE04EC0-301F-11D3-BF4B-00C04F79EFBC}") = "Infra", "Catalog.API\Infra\Infra.csproj", "{A7A313D4-D1FB-4833-8D03-39E34FEE481A}"
EndProject
Project("{FAE04EC0-301F-11D3-BF4B-00C04F79EFBC}") = "Presentation", "Catalog.API\Presentation\Presentation.csproj", "{7641EA34-49A8-4A6E-B0A5-06B893ACFDE5}"
EndProject
Project("{2150E333-8FDC-42A3-9474-1A3956D46DE8}") = "Identity.API", "Identity.API", "{98C9C75C-F65D-4B24-A2C8-A97483E7D8F2}"
EndProject
Project("{FAE04EC0-301F-11D3-BF4B-00C04F79EFBC}") = "Application", "Identity.API\Application\Application.csproj", "{20A7258C-8742-4277-B0BC-537B5CF6FF35}"
EndProject
Project("{FAE04EC0-301F-11D3-BF4B-00C04F79EFBC}") = "Domain", "Identity.API\Domain\Domain.csproj", "{350C2227-D1C6-4BD8-B734-BDA7DE2B233C}"
EndProject
Project("{FAE04EC0-301F-11D3-BF4B-00C04F79EFBC}") = "Infra", "Identity.API\Infra\Infra.csproj", "{4269542D-95F5-421A-A054-FD3A2C894B92}"
EndProject
Project("{FAE04EC0-301F-11D3-BF4B-00C04F79EFBC}") = "Presentation", "Identity.API\Presentation\Presentation.csproj", "{C8F8D30A-2F3B-40C1-840A-9EB3805188AB}"
EndProject
Project("{FAE04EC0-301F-11D3-BF4B-00C04F79EFBC}") = "Gateway.Api", "Gateway.Api\Gateway.Api.csproj", "{8D477D9B-EF28-41FA-AA55-41240E72F3F8}"
EndProject
Project("{FAE04EC0-301F-11D3-BF4B-00C04F79EFBC}") = "FoodOrder.Shared.Contracts", "FoodOrder.Shared.Contracts\FoodOrder.Shared.Contracts.csproj", "{00DB8D7A-C2EF-478F-8A59-DC979AE5FAD8}"
EndProject
Project("{2150E333-8FDC-42A3-9474-1A3956D46DE8}") = "Notification.Api", "Notification.Api", "{1B99462D-17EF-4309-A187-E397F389953B}"
EndProject
Project("{FAE04EC0-301F-11D3-BF4B-00C04F79EFBC}") = "Presentation", "Notification.Api\Presentation\Presentation.csproj", "{50D16A11-4AC6-4107-8357-55D51419CA6C}"
EndProject
Project("{FAE04EC0-301F-11D3-BF4B-00C04F79EFBC}") = "Application", "Notification.Api\Application\Application.csproj", "{719CC886-4ABC-45A9-8B05-8FD070910E30}"
EndProject
Project("{2150E333-8FDC-42A3-9474-1A3956D46DE8}") = "Basket-API", "Basket-API", "{192C5B3B-A5D2-4F1C-8E8D-FACAAF000B0C}"
EndProject
Project("{FAE04EC0-301F-11D3-BF4B-00C04F79EFBC}") = "Domain", "Basket-API\Domain\Domain.csproj", "{72462DFF-FAC1-435A-98C9-A77B9A297914}"
EndProject
Project("{FAE04EC0-301F-11D3-BF4B-00C04F79EFBC}") = "Presentation", "Basket-API\Presentation\Presentation.csproj", "{7B03BF21-F0DB-4638-BCCD-11505DDAB10C}"
EndProject
Project("{FAE04EC0-301F-11D3-BF4B-00C04F79EFBC}") = "Infra", "Basket-API\Infra\Infra.csproj", "{B2F496E2-6E6F-484C-899A-D399493BFDDE}"
EndProject
Project("{FAE04EC0-301F-11D3-BF4B-00C04F79EFBC}") = "Application", "Basket-API\Application\Application.csproj", "{94C90714-BE3D-4E2A-9547-4201191CCE74}"
EndProject
Project("{2150E333-8FDC-42A3-9474-1A3956D46DE8}") = "Order.API", "Order.API", "{F695C6F2-BA16-41DF-8761-476354430A63}"
EndProject
Project("{FAE04EC0-301F-11D3-BF4B-00C04F79EFBC}") = "Application", "Order.API\Application\Application.csproj", "{BCD2D71B-426B-48E3-902E-8167AD7BE4AE}"
EndProject
Project("{FAE04EC0-301F-11D3-BF4B-00C04F79EFBC}") = "Domain", "Order.API\Domain\Domain.csproj", "{B85182AB-1566-48EE-9595-C21EC98F4BB3}"
EndProject
Project("{FAE04EC0-301F-11D3-BF4B-00C04F79EFBC}") = "Infra", "Order.API\Infra\Infra.csproj", "{A7B955CA-DFB6-4FCB-818C-04EC753FCD42}"
EndProject
Project("{FAE04EC0-301F-11D3-BF4B-00C04F79EFBC}") = "Presentation", "Order.API\Presentation\Presentation.csproj", "{1B2F6D78-A4CE-4A46-A15C-441B305964EE}"
EndProject
Global
	GlobalSection(SolutionConfigurationPlatforms) = preSolution
		Debug|Any CPU = Debug|Any CPU
		Release|Any CPU = Release|Any CPU
	EndGlobalSection
	GlobalSection(ProjectConfigurationPlatforms) = postSolution
		{BD1C7797-CBE4-48F2-AA98-992D3C9EA272}.Debug|Any CPU.ActiveCfg = Debug|Any CPU
		{BD1C7797-CBE4-48F2-AA98-992D3C9EA272}.Debug|Any CPU.Build.0 = Debug|Any CPU
		{BD1C7797-CBE4-48F2-AA98-992D3C9EA272}.Release|Any CPU.ActiveCfg = Release|Any CPU
		{BD1C7797-CBE4-48F2-AA98-992D3C9EA272}.Release|Any CPU.Build.0 = Release|Any CPU
		{7F95D140-3068-43DE-A35B-60FF57BF8AC9}.Debug|Any CPU.ActiveCfg = Debug|Any CPU
		{7F95D140-3068-43DE-A35B-60FF57BF8AC9}.Debug|Any CPU.Build.0 = Debug|Any CPU
		{7F95D140-3068-43DE-A35B-60FF57BF8AC9}.Release|Any CPU.ActiveCfg = Release|Any CPU
		{7F95D140-3068-43DE-A35B-60FF57BF8AC9}.Release|Any CPU.Build.0 = Release|Any CPU
		{A7A313D4-D1FB-4833-8D03-39E34FEE481A}.Debug|Any CPU.ActiveCfg = Debug|Any CPU
		{A7A313D4-D1FB-4833-8D03-39E34FEE481A}.Debug|Any CPU.Build.0 = Debug|Any CPU
		{A7A313D4-D1FB-4833-8D03-39E34FEE481A}.Release|Any CPU.ActiveCfg = Release|Any CPU
		{A7A313D4-D1FB-4833-8D03-39E34FEE481A}.Release|Any CPU.Build.0 = Release|Any CPU
		{7641EA34-49A8-4A6E-B0A5-06B893ACFDE5}.Debug|Any CPU.ActiveCfg = Debug|Any CPU
		{7641EA34-49A8-4A6E-B0A5-06B893ACFDE5}.Debug|Any CPU.Build.0 = Debug|Any CPU
		{7641EA34-49A8-4A6E-B0A5-06B893ACFDE5}.Release|Any CPU.ActiveCfg = Release|Any CPU
		{7641EA34-49A8-4A6E-B0A5-06B893ACFDE5}.Release|Any CPU.Build.0 = Release|Any CPU
		{20A7258C-8742-4277-B0BC-537B5CF6FF35}.Debug|Any CPU.ActiveCfg = Debug|Any CPU
		{20A7258C-8742-4277-B0BC-537B5CF6FF35}.Debug|Any CPU.Build.0 = Debug|Any CPU
		{20A7258C-8742-4277-B0BC-537B5CF6FF35}.Release|Any CPU.ActiveCfg = Release|Any CPU
		{20A7258C-8742-4277-B0BC-537B5CF6FF35}.Release|Any CPU.Build.0 = Release|Any CPU
		{350C2227-D1C6-4BD8-B734-BDA7DE2B233C}.Debug|Any CPU.ActiveCfg = Debug|Any CPU
		{350C2227-D1C6-4BD8-B734-BDA7DE2B233C}.Debug|Any CPU.Build.0 = Debug|Any CPU
		{350C2227-D1C6-4BD8-B734-BDA7DE2B233C}.Release|Any CPU.ActiveCfg = Release|Any CPU
		{350C2227-D1C6-4BD8-B734-BDA7DE2B233C}.Release|Any CPU.Build.0 = Release|Any CPU
		{4269542D-95F5-421A-A054-FD3A2C894B92}.Debug|Any CPU.ActiveCfg = Debug|Any CPU
		{4269542D-95F5-421A-A054-FD3A2C894B92}.Debug|Any CPU.Build.0 = Debug|Any CPU
		{4269542D-95F5-421A-A054-FD3A2C894B92}.Release|Any CPU.ActiveCfg = Release|Any CPU
		{4269542D-95F5-421A-A054-FD3A2C894B92}.Release|Any CPU.Build.0 = Release|Any CPU
		{C8F8D30A-2F3B-40C1-840A-9EB3805188AB}.Debug|Any CPU.ActiveCfg = Debug|Any CPU
		{C8F8D30A-2F3B-40C1-840A-9EB3805188AB}.Debug|Any CPU.Build.0 = Debug|Any CPU
		{C8F8D30A-2F3B-40C1-840A-9EB3805188AB}.Release|Any CPU.ActiveCfg = Release|Any CPU
		{C8F8D30A-2F3B-40C1-840A-9EB3805188AB}.Release|Any CPU.Build.0 = Release|Any CPU
		{8D477D9B-EF28-41FA-AA55-41240E72F3F8}.Debug|Any CPU.ActiveCfg = Debug|Any CPU
		{8D477D9B-EF28-41FA-AA55-41240E72F3F8}.Debug|Any CPU.Build.0 = Debug|Any CPU
		{8D477D9B-EF28-41FA-AA55-41240E72F3F8}.Release|Any CPU.ActiveCfg = Release|Any CPU
		{8D477D9B-EF28-41FA-AA55-41240E72F3F8}.Release|Any CPU.Build.0 = Release|Any CPU
		{00DB8D7A-C2EF-478F-8A59-DC979AE5FAD8}.Debug|Any CPU.ActiveCfg = Debug|Any CPU
		{00DB8D7A-C2EF-478F-8A59-DC979AE5FAD8}.Debug|Any CPU.Build.0 = Debug|Any CPU
		{00DB8D7A-C2EF-478F-8A59-DC979AE5FAD8}.Release|Any CPU.ActiveCfg = Release|Any CPU
		{00DB8D7A-C2EF-478F-8A59-DC979AE5FAD8}.Release|Any CPU.Build.0 = Release|Any CPU
		{50D16A11-4AC6-4107-8357-55D51419CA6C}.Debug|Any CPU.ActiveCfg = Debug|Any CPU
		{50D16A11-4AC6-4107-8357-55D51419CA6C}.Debug|Any CPU.Build.0 = Debug|Any CPU
		{50D16A11-4AC6-4107-8357-55D51419CA6C}.Release|Any CPU.ActiveCfg = Release|Any CPU
		{50D16A11-4AC6-4107-8357-55D51419CA6C}.Release|Any CPU.Build.0 = Release|Any CPU
		{719CC886-4ABC-45A9-8B05-8FD070910E30}.Debug|Any CPU.ActiveCfg = Debug|Any CPU
		{719CC886-4ABC-45A9-8B05-8FD070910E30}.Debug|Any CPU.Build.0 = Debug|Any CPU
		{719CC886-4ABC-45A9-8B05-8FD070910E30}.Release|Any CPU.ActiveCfg = Release|Any CPU
		{719CC886-4ABC-45A9-8B05-8FD070910E30}.Release|Any CPU.Build.0 = Release|Any CPU
		{72462DFF-FAC1-435A-98C9-A77B9A297914}.Debug|Any CPU.ActiveCfg = Debug|Any CPU
		{72462DFF-FAC1-435A-98C9-A77B9A297914}.Debug|Any CPU.Build.0 = Debug|Any CPU
		{72462DFF-FAC1-435A-98C9-A77B9A297914}.Release|Any CPU.ActiveCfg = Release|Any CPU
		{72462DFF-FAC1-435A-98C9-A77B9A297914}.Release|Any CPU.Build.0 = Release|Any CPU
		{7B03BF21-F0DB-4638-BCCD-11505DDAB10C}.Debug|Any CPU.ActiveCfg = Debug|Any CPU
		{7B03BF21-F0DB-4638-BCCD-11505DDAB10C}.Debug|Any CPU.Build.0 = Debug|Any CPU
		{7B03BF21-F0DB-4638-BCCD-11505DDAB10C}.Release|Any CPU.ActiveCfg = Release|Any CPU
		{7B03BF21-F0DB-4638-BCCD-11505DDAB10C}.Release|Any CPU.Build.0 = Release|Any CPU
		{B2F496E2-6E6F-484C-899A-D399493BFDDE}.Debug|Any CPU.ActiveCfg = Debug|Any CPU
		{B2F496E2-6E6F-484C-899A-D399493BFDDE}.Debug|Any CPU.Build.0 = Debug|Any CPU
		{B2F496E2-6E6F-484C-899A-D399493BFDDE}.Release|Any CPU.ActiveCfg = Release|Any CPU
		{B2F496E2-6E6F-484C-899A-D399493BFDDE}.Release|Any CPU.Build.0 = Release|Any CPU
		{94C90714-BE3D-4E2A-9547-4201191CCE74}.Debug|Any CPU.ActiveCfg = Debug|Any CPU
		{94C90714-BE3D-4E2A-9547-4201191CCE74}.Debug|Any CPU.Build.0 = Debug|Any CPU
		{94C90714-BE3D-4E2A-9547-4201191CCE74}.Release|Any CPU.ActiveCfg = Release|Any CPU
		{94C90714-BE3D-4E2A-9547-4201191CCE74}.Release|Any CPU.Build.0 = Release|Any CPU
		{BCD2D71B-426B-48E3-902E-8167AD7BE4AE}.Debug|Any CPU.ActiveCfg = Debug|Any CPU
		{BCD2D71B-426B-48E3-902E-8167AD7BE4AE}.Debug|Any CPU.Build.0 = Debug|Any CPU
		{BCD2D71B-426B-48E3-902E-8167AD7BE4AE}.Release|Any CPU.ActiveCfg = Release|Any CPU
		{BCD2D71B-426B-48E3-902E-8167AD7BE4AE}.Release|Any CPU.Build.0 = Release|Any CPU
		{B85182AB-1566-48EE-9595-C21EC98F4BB3}.Debug|Any CPU.ActiveCfg = Debug|Any CPU
		{B85182AB-1566-48EE-9595-C21EC98F4BB3}.Debug|Any CPU.Build.0 = Debug|Any CPU
		{B85182AB-1566-48EE-9595-C21EC98F4BB3}.Release|Any CPU.ActiveCfg = Release|Any CPU
		{B85182AB-1566-48EE-9595-C21EC98F4BB3}.Release|Any CPU.Build.0 = Release|Any CPU
		{A7B955CA-DFB6-4FCB-818C-04EC753FCD42}.Debug|Any CPU.ActiveCfg = Debug|Any CPU
		{A7B955CA-DFB6-4FCB-818C-04EC753FCD42}.Debug|Any CPU.Build.0 = Debug|Any CPU
		{A7B955CA-DFB6-4FCB-818C-04EC753FCD42}.Release|Any CPU.ActiveCfg = Release|Any CPU
		{A7B955CA-DFB6-4FCB-818C-04EC753FCD42}.Release|Any CPU.Build.0 = Release|Any CPU
		{1B2F6D78-A4CE-4A46-A15C-441B305964EE}.Debug|Any CPU.ActiveCfg = Debug|Any CPU
		{1B2F6D78-A4CE-4A46-A15C-441B305964EE}.Debug|Any CPU.Build.0 = Debug|Any CPU
		{1B2F6D78-A4CE-4A46-A15C-441B305964EE}.Release|Any CPU.ActiveCfg = Release|Any CPU
		{1B2F6D78-A4CE-4A46-A15C-441B305964EE}.Release|Any CPU.Build.0 = Release|Any CPU
	EndGlobalSection
	GlobalSection(SolutionProperties) = preSolution
		HideSolutionNode = FALSE
	EndGlobalSection
	GlobalSection(NestedProjects) = preSolution
		{BD1C7797-CBE4-48F2-AA98-992D3C9EA272} = {B0602CB4-D9A7-4E43-B235-4158C2B82C28}
		{7F95D140-3068-43DE-A35B-60FF57BF8AC9} = {B0602CB4-D9A7-4E43-B235-4158C2B82C28}
		{A7A313D4-D1FB-4833-8D03-39E34FEE481A} = {B0602CB4-D9A7-4E43-B235-4158C2B82C28}
		{7641EA34-49A8-4A6E-B0A5-06B893ACFDE5} = {B0602CB4-D9A7-4E43-B235-4158C2B82C28}
		{20A7258C-8742-4277-B0BC-537B5CF6FF35} = {98C9C75C-F65D-4B24-A2C8-A97483E7D8F2}
		{350C2227-D1C6-4BD8-B734-BDA7DE2B233C} = {98C9C75C-F65D-4B24-A2C8-A97483E7D8F2}
		{4269542D-95F5-421A-A054-FD3A2C894B92} = {98C9C75C-F65D-4B24-A2C8-A97483E7D8F2}
		{C8F8D30A-2F3B-40C1-840A-9EB3805188AB} = {98C9C75C-F65D-4B24-A2C8-A97483E7D8F2}
		{50D16A11-4AC6-4107-8357-55D51419CA6C} = {1B99462D-17EF-4309-A187-E397F389953B}
		{719CC886-4ABC-45A9-8B05-8FD070910E30} = {1B99462D-17EF-4309-A187-E397F389953B}
		{72462DFF-FAC1-435A-98C9-A77B9A297914} = {192C5B3B-A5D2-4F1C-8E8D-FACAAF000B0C}
		{7B03BF21-F0DB-4638-BCCD-11505DDAB10C} = {192C5B3B-A5D2-4F1C-8E8D-FACAAF000B0C}
		{B2F496E2-6E6F-484C-899A-D399493BFDDE} = {192C5B3B-A5D2-4F1C-8E8D-FACAAF000B0C}
		{94C90714-BE3D-4E2A-9547-4201191CCE74} = {192C5B3B-A5D2-4F1C-8E8D-FACAAF000B0C}
		{BCD2D71B-426B-48E3-902E-8167AD7BE4AE} = {F695C6F2-BA16-41DF-8761-476354430A63}
		{B85182AB-1566-48EE-9595-C21EC98F4BB3} = {F695C6F2-BA16-41DF-8761-476354430A63}
		{A7B955CA-DFB6-4FCB-818C-04EC753FCD42} = {F695C6F2-BA16-41DF-8761-476354430A63}
		{1B2F6D78-A4CE-4A46-A15C-441B305964EE} = {F695C6F2-BA16-41DF-8761-476354430A63}
	EndGlobalSection
	GlobalSection(ExtensibilityGlobals) = postSolution
		SolutionGuid = {24930F7E-8138-4CFD-A326-FBA57E8976CA}
	EndGlobalSection
EndGlobal
